{
  "version": 4,
  "terraform_version": "1.2.1",
  "serial": 4,
  "lineage": "0bb5d14d-8781-77c2-2516-ccbacd96c2b7",
  "outputs": {
    "external_ip_address_node01_yandex_cloud": {
      "value": "51.250.72.241",
      "type": "string"
    },
    "internal_ip_address_node01_yandex_cloud": {
      "value": "192.168.101.23",
      "type": "string"
    }
  },
  "resources": [
    {
      "mode": "managed",
      "type": "yandex_compute_instance",
      "name": "node01",
      "provider": "provider[\"registry.terraform.io/yandex-cloud/yandex\"]",
      "instances": [
        {
          "schema_version": 1,
          "attributes": {
            "allow_recreate": null,
            "allow_stopping_for_update": true,
            "boot_disk": [
              {
                "auto_delete": true,
                "device_name": "fhmctnaiv0pl3duo6127",
                "disk_id": "fhmctnaiv0pl3duo6127",
                "initialize_params": [
                  {
                    "block_size": 4096,
                    "description": "",
                    "image_id": "fd8u69ls2rjrcbhdllg9",
                    "name": "root-node01",
                    "size": 50,
                    "snapshot_id": "",
                    "type": "network-ssd"
                  }
                ],
                "mode": "READ_WRITE"
              }
            ],
            "created_at": "2022-05-26T14:02:11Z",
            "description": "",
            "folder_id": "b1gi5ufjf161iudar0ce",
            "fqdn": "node01.netology.cloud",
            "hostname": "node01",
            "id": "fhmrlbg6gvr80m4g559n",
            "labels": null,
            "metadata": {
              "ssh-keys": "centos:ssh-rsa AAAAB3NzaC1yc2EAAAADAQABAAABAQCiD33B95UB71ItRxAeZHsE84sF8lRCOmFjOb4EblaN5awdRemqG9wb9nwciuqY+WDzL7aaHm3+TpY0dWXjHS8dN0bB9FAMdIxnlsEzAPpWGpl0/X8Ao1PCmY9P1wsNvcKONOSeFibufrnkCjHdhaN69hxnFRBIDquPmGamjDuE+eTaLvAXw/JIsgD220yc+43JmTplU2Ypi79vAZkZhSXko0J2dFVvZ/Hp4V+KiLnnrygopjPxLcUszXsIHmTldJ8+QUncxJqqARswhklAxmQt9vw4eWsEV3j90/fwA512QBSWhX8fQnHW/lYI59cQPvxerSmsTS6PMZGBGY+n9xn/ mgnosov@Maksims-MacBook-Pro.local\n"
            },
            "name": "node01",
            "network_acceleration_type": "standard",
            "network_interface": [
              {
                "dns_record": [],
                "index": 0,
                "ip_address": "192.168.101.23",
                "ipv4": true,
                "ipv6": false,
                "ipv6_address": "",
                "ipv6_dns_record": [],
                "mac_address": "d0:0d:1b:aa:e0:68",
                "nat": true,
                "nat_dns_record": [],
                "nat_ip_address": "51.250.72.241",
                "nat_ip_version": "IPV4",
                "security_group_ids": [],
                "subnet_id": "e9bb7deibi27j3esol57"
              }
            ],
            "placement_policy": [
              {
                "host_affinity_rules": [],
                "placement_group_id": ""
              }
            ],
            "platform_id": "standard-v1",
            "resources": [
              {
                "core_fraction": 100,
                "cores": 8,
                "gpus": 0,
                "memory": 8
              }
            ],
            "scheduling_policy": [
              {
                "preemptible": false
              }
            ],
            "secondary_disk": [],
            "service_account_id": "",
            "status": "running",
            "timeouts": null,
            "zone": "ru-central1-a"
          },
          "sensitive_attributes": [],
          "private": "eyJlMmJmYjczMC1lY2FhLTExZTYtOGY4OC0zNDM2M2JjN2M0YzAiOnsiY3JlYXRlIjozMDAwMDAwMDAwMDAsImRlbGV0ZSI6MzAwMDAwMDAwMDAwLCJ1cGRhdGUiOjMwMDAwMDAwMDAwMH0sInNjaGVtYV92ZXJzaW9uIjoiMSJ9",
          "dependencies": [
            "yandex_vpc_network.default",
            "yandex_vpc_subnet.default"
          ]
        }
      ]
    },
    {
      "mode": "managed",
      "type": "yandex_vpc_network",
      "name": "default",
      "provider": "provider[\"registry.terraform.io/yandex-cloud/yandex\"]",
      "instances": [
        {
          "schema_version": 0,
          "attributes": {
            "created_at": "2022-05-26T14:02:08Z",
            "default_security_group_id": "",
            "description": "",
            "folder_id": "b1gi5ufjf161iudar0ce",
            "id": "enpds477s1h9ebcf63uk",
            "labels": {},
            "name": "net",
            "subnet_ids": [],
            "timeouts": null
          },
          "sensitive_attributes": [],
          "private": "eyJlMmJmYjczMC1lY2FhLTExZTYtOGY4OC0zNDM2M2JjN2M0YzAiOnsiY3JlYXRlIjo2MDAwMDAwMDAwMCwiZGVsZXRlIjo2MDAwMDAwMDAwMCwidXBkYXRlIjo2MDAwMDAwMDAwMH19"
        }
      ]
    },
    {
      "mode": "managed",
      "type": "yandex_vpc_subnet",
      "name": "default",
      "provider": "provider[\"registry.terraform.io/yandex-cloud/yandex\"]",
      "instances": [
        {
          "schema_version": 0,
          "attributes": {
            "created_at": "2022-05-26T14:02:09Z",
            "description": "",
            "dhcp_options": [],
            "folder_id": "b1gi5ufjf161iudar0ce",
            "id": "e9bb7deibi27j3esol57",
            "labels": {},
            "name": "subnet",
            "network_id": "enpds477s1h9ebcf63uk",
            "route_table_id": "",
            "timeouts": null,
            "v4_cidr_blocks": [
              "192.168.101.0/24"
            ],
            "v6_cidr_blocks": [],
            "zone": "ru-central1-a"
          },
          "sensitive_attributes": [],
          "private": "eyJlMmJmYjczMC1lY2FhLTExZTYtOGY4OC0zNDM2M2JjN2M0YzAiOnsiY3JlYXRlIjoxODAwMDAwMDAwMDAsImRlbGV0ZSI6MTgwMDAwMDAwMDAwLCJ1cGRhdGUiOjE4MDAwMDAwMDAwMH19",
          "dependencies": [
            "yandex_vpc_network.default"
          ]
        }
      ]
    }
  ]
}
