{
  "version": 4,
  "terraform_version": "1.2.4",
  "serial": 3,
  "lineage": "da11a589-a5c6-a44e-4072-2c5d4a0cabd3",
  "outputs": {},
  "resources": [
    {
      "mode": "managed",
      "type": "yandex_storage_bucket",
      "name": "test",
      "provider": "provider[\"registry.terraform.io/yandex-cloud/yandex\"]",
      "instances": [
        {
          "schema_version": 0,
          "attributes": {
            "access_key": "YCAJE3TnnQHY1mG5FA7CnJpw1",
            "acl": "private",
            "anonymous_access_flags": [
              {
                "list": false,
                "read": false
              }
            ],
            "bucket": "test01",
            "bucket_domain_name": "test01.storage.yandexcloud.net",
            "bucket_prefix": null,
            "cors_rule": [],
            "default_storage_class": "STANDARD",
            "folder_id": "b1gi5ufjf161iudar0ce",
            "force_destroy": false,
            "grant": [],
            "https": [],
            "id": "test01",
            "lifecycle_rule": [],
            "logging": [],
            "max_size": 0,
            "policy": "",
            "secret_key": "YCPlSskQ0KF6ir5UjVVEhhF5DRvqy3YLNrm5p5Vw",
            "server_side_encryption_configuration": [],
            "versioning": [
              {
                "enabled": false
              }
            ],
            "website": [],
            "website_domain": null,
            "website_endpoint": null
          },
          "sensitive_attributes": [],
          "private": "bnVsbA=="
        }
      ]
    }
  ]
}
